// !$*UTF8*$!
{
	archiveVersion = 1;
	classes = {
	};
	objectVersion = 56;
	objects = {

/* Begin PBXBuildFile section */
		F7395E5E2B7577C3001B1F1E /* MovieModel.swift in Sources */ = {isa = PBXBuildFile; fileRef = F7395E5D2B7577C3001B1F1E /* MovieModel.swift */; };
		F7F7FF4E2B73722000167A40 /* AppDelegate.swift in Sources */ = {isa = PBXBuildFile; fileRef = F7F7FF4D2B73722000167A40 /* AppDelegate.swift */; };
		F7F7FF502B73722000167A40 /* SceneDelegate.swift in Sources */ = {isa = PBXBuildFile; fileRef = F7F7FF4F2B73722000167A40 /* SceneDelegate.swift */; };
		F7F7FF522B73722000167A40 /* ViewController.swift in Sources */ = {isa = PBXBuildFile; fileRef = F7F7FF512B73722000167A40 /* ViewController.swift */; };
		F7F7FF552B73722000167A40 /* Main.storyboard in Resources */ = {isa = PBXBuildFile; fileRef = F7F7FF532B73722000167A40 /* Main.storyboard */; };
		F7F7FF572B73722100167A40 /* Assets.xcassets in Resources */ = {isa = PBXBuildFile; fileRef = F7F7FF562B73722100167A40 /* Assets.xcassets */; };
		F7F7FF5A2B73722100167A40 /* LaunchScreen.storyboard in Resources */ = {isa = PBXBuildFile; fileRef = F7F7FF582B73722100167A40 /* LaunchScreen.storyboard */; };
		F7F7FF652B73722100167A40 /* MoviesAPI_PracticeTests.swift in Sources */ = {isa = PBXBuildFile; fileRef = F7F7FF642B73722100167A40 /* MoviesAPI_PracticeTests.swift */; };
		F7F7FF6F2B73722100167A40 /* MoviesAPI_PracticeUITests.swift in Sources */ = {isa = PBXBuildFile; fileRef = F7F7FF6E2B73722100167A40 /* MoviesAPI_PracticeUITests.swift */; };
		F7F7FF712B73722100167A40 /* MoviesAPI_PracticeUITestsLaunchTests.swift in Sources */ = {isa = PBXBuildFile; fileRef = F7F7FF702B73722100167A40 /* MoviesAPI_PracticeUITestsLaunchTests.swift */; };
/* End PBXBuildFile section */

/* Begin PBXContainerItemProxy section */
		F7F7FF612B73722100167A40 /* PBXContainerItemProxy */ = {
			isa = PBXContainerItemProxy;
			containerPortal = F7F7FF422B73722000167A40 /* Project object */;
			proxyType = 1;
			remoteGlobalIDString = F7F7FF492B73722000167A40;
			remoteInfo = "MoviesAPI-Practice";
		};
		F7F7FF6B2B73722100167A40 /* PBXContainerItemProxy */ = {
			isa = PBXContainerItemProxy;
			containerPortal = F7F7FF422B73722000167A40 /* Project object */;
			proxyType = 1;
			remoteGlobalIDString = F7F7FF492B73722000167A40;
			remoteInfo = "MoviesAPI-Practice";
		};
/* End PBXContainerItemProxy section */

/* Begin PBXFileReference section */
		F7395E5D2B7577C3001B1F1E /* MovieModel.swift */ = {isa = PBXFileReference; lastKnownFileType = sourcecode.swift; path = MovieModel.swift; sourceTree = "<group>"; };
		F7F7FF4A2B73722000167A40 /* MoviesAPI-Practice.app */ = {isa = PBXFileReference; explicitFileType = wrapper.application; includeInIndex = 0; path = "MoviesAPI-Practice.app"; sourceTree = BUILT_PRODUCTS_DIR; };
		F7F7FF4D2B73722000167A40 /* AppDelegate.swift */ = {isa = PBXFileReference; lastKnownFileType = sourcecode.swift; path = AppDelegate.swift; sourceTree = "<group>"; };
		F7F7FF4F2B73722000167A40 /* SceneDelegate.swift */ = {isa = PBXFileReference; lastKnownFileType = sourcecode.swift; path = SceneDelegate.swift; sourceTree = "<group>"; };
		F7F7FF512B73722000167A40 /* ViewController.swift */ = {isa = PBXFileReference; lastKnownFileType = sourcecode.swift; path = ViewController.swift; sourceTree = "<group>"; };
		F7F7FF542B73722000167A40 /* Base */ = {isa = PBXFileReference; lastKnownFileType = file.storyboard; name = Base; path = Base.lproj/Main.storyboard; sourceTree = "<group>"; };
		F7F7FF562B73722100167A40 /* Assets.xcassets */ = {isa = PBXFileReference; lastKnownFileType = folder.assetcatalog; path = Assets.xcassets; sourceTree = "<group>"; };
		F7F7FF592B73722100167A40 /* Base */ = {isa = PBXFileReference; lastKnownFileType = file.storyboard; name = Base; path = Base.lproj/LaunchScreen.storyboard; sourceTree = "<group>"; };
		F7F7FF5B2B73722100167A40 /* Info.plist */ = {isa = PBXFileReference; lastKnownFileType = text.plist.xml; path = Info.plist; sourceTree = "<group>"; };
		F7F7FF602B73722100167A40 /* MoviesAPI-PracticeTests.xctest */ = {isa = PBXFileReference; explicitFileType = wrapper.cfbundle; includeInIndex = 0; path = "MoviesAPI-PracticeTests.xctest"; sourceTree = BUILT_PRODUCTS_DIR; };
		F7F7FF642B73722100167A40 /* MoviesAPI_PracticeTests.swift */ = {isa = PBXFileReference; lastKnownFileType = sourcecode.swift; path = MoviesAPI_PracticeTests.swift; sourceTree = "<group>"; };
		F7F7FF6A2B73722100167A40 /* MoviesAPI-PracticeUITests.xctest */ = {isa = PBXFileReference; explicitFileType = wrapper.cfbundle; includeInIndex = 0; path = "MoviesAPI-PracticeUITests.xctest"; sourceTree = BUILT_PRODUCTS_DIR; };
		F7F7FF6E2B73722100167A40 /* MoviesAPI_PracticeUITests.swift */ = {isa = PBXFileReference; lastKnownFileType = sourcecode.swift; path = MoviesAPI_PracticeUITests.swift; sourceTree = "<group>"; };
		F7F7FF702B73722100167A40 /* MoviesAPI_PracticeUITestsLaunchTests.swift */ = {isa = PBXFileReference; lastKnownFileType = sourcecode.swift; path = MoviesAPI_PracticeUITestsLaunchTests.swift; sourceTree = "<group>"; };
		F7F7FF812B7373F000167A40 /* Practice.playground */ = {isa = PBXFileReference; lastKnownFileType = file.playground; path = Practice.playground; sourceTree = "<group>"; xcLanguageSpecificationIdentifier = xcode.lang.swift; };
/* End PBXFileReference section */

/* Begin PBXFrameworksBuildPhase section */
		F7F7FF472B73722000167A40 /* Frameworks */ = {
			isa = PBXFrameworksBuildPhase;
			buildActionMask = 2147483647;
			files = (
			);
			runOnlyForDeploymentPostprocessing = 0;
		};
		F7F7FF5D2B73722100167A40 /* Frameworks */ = {
			isa = PBXFrameworksBuildPhase;
			buildActionMask = 2147483647;
			files = (
			);
			runOnlyForDeploymentPostprocessing = 0;
		};
		F7F7FF672B73722100167A40 /* Frameworks */ = {
			isa = PBXFrameworksBuildPhase;
			buildActionMask = 2147483647;
			files = (
			);
			runOnlyForDeploymentPostprocessing = 0;
		};
/* End PBXFrameworksBuildPhase section */

/* Begin PBXGroup section */
		F7F7FF412B73722000167A40 = {
			isa = PBXGroup;
			children = (
				F7F7FF4C2B73722000167A40 /* MoviesAPI-Practice */,
				F7F7FF632B73722100167A40 /* MoviesAPI-PracticeTests */,
				F7F7FF6D2B73722100167A40 /* MoviesAPI-PracticeUITests */,
				F7F7FF4B2B73722000167A40 /* Products */,
			);
			sourceTree = "<group>";
		};
		F7F7FF4B2B73722000167A40 /* Products */ = {
			isa = PBXGroup;
			children = (
				F7F7FF4A2B73722000167A40 /* MoviesAPI-Practice.app */,
				F7F7FF602B73722100167A40 /* MoviesAPI-PracticeTests.xctest */,
				F7F7FF6A2B73722100167A40 /* MoviesAPI-PracticeUITests.xctest */,
			);
			name = Products;
			sourceTree = "<group>";
		};
		F7F7FF4C2B73722000167A40 /* MoviesAPI-Practice */ = {
			isa = PBXGroup;
			children = (
				F7F7FF802B7373C600167A40 /* Playground */,
				F7F7FF7F2B7373B500167A40 /* Model */,
				F7F7FF7E2B7373A900167A40 /* View */,
				F7F7FF7D2B73739300167A40 /* Controller */,
				F7F7FF4D2B73722000167A40 /* AppDelegate.swift */,
				F7F7FF4F2B73722000167A40 /* SceneDelegate.swift */,
				F7F7FF512B73722000167A40 /* ViewController.swift */,
				F7F7FF532B73722000167A40 /* Main.storyboard */,
				F7F7FF562B73722100167A40 /* Assets.xcassets */,
				F7F7FF582B73722100167A40 /* LaunchScreen.storyboard */,
				F7F7FF5B2B73722100167A40 /* Info.plist */,
			);
			path = "MoviesAPI-Practice";
			sourceTree = "<group>";
		};
		F7F7FF632B73722100167A40 /* MoviesAPI-PracticeTests */ = {
			isa = PBXGroup;
			children = (
				F7F7FF642B73722100167A40 /* MoviesAPI_PracticeTests.swift */,
			);
			path = "MoviesAPI-PracticeTests";
			sourceTree = "<group>";
		};
		F7F7FF6D2B73722100167A40 /* MoviesAPI-PracticeUITests */ = {
			isa = PBXGroup;
			children = (
				F7F7FF6E2B73722100167A40 /* MoviesAPI_PracticeUITests.swift */,
				F7F7FF702B73722100167A40 /* MoviesAPI_PracticeUITestsLaunchTests.swift */,
			);
			path = "MoviesAPI-PracticeUITests";
			sourceTree = "<group>";
		};
		F7F7FF7D2B73739300167A40 /* Controller */ = {
			isa = PBXGroup;
			children = (
			);
			path = Controller;
			sourceTree = "<group>";
		};
		F7F7FF7E2B7373A900167A40 /* View */ = {
			isa = PBXGroup;
			children = (
			);
			path = View;
			sourceTree = "<group>";
		};
		F7F7FF7F2B7373B500167A40 /* Model */ = {
			isa = PBXGroup;
			children = (
				F7395E5D2B7577C3001B1F1E /* MovieModel.swift */,
			);
			path = Model;
			sourceTree = "<group>";
		};
		F7F7FF802B7373C600167A40 /* Playground */ = {
			isa = PBXGroup;
			children = (
				F7F7FF812B7373F000167A40 /* Practice.playground */,
			);
			path = Playground;
			sourceTree = "<group>";
		};
/* End PBXGroup section */

/* Begin PBXNativeTarget section */
		F7F7FF492B73722000167A40 /* MoviesAPI-Practice */ = {
			isa = PBXNativeTarget;
			buildConfigurationList = F7F7FF742B73722100167A40 /* Build configuration list for PBXNativeTarget "MoviesAPI-Practice" */;
			buildPhases = (
				F7F7FF462B73722000167A40 /* Sources */,
				F7F7FF472B73722000167A40 /* Frameworks */,
				F7F7FF482B73722000167A40 /* Resources */,
			);
			buildRules = (
			);
			dependencies = (
			);
			name = "MoviesAPI-Practice";
			productName = "MoviesAPI-Practice";
			productReference = F7F7FF4A2B73722000167A40 /* MoviesAPI-Practice.app */;
			productType = "com.apple.product-type.application";
		};
		F7F7FF5F2B73722100167A40 /* MoviesAPI-PracticeTests */ = {
			isa = PBXNativeTarget;
			buildConfigurationList = F7F7FF772B73722100167A40 /* Build configuration list for PBXNativeTarget "MoviesAPI-PracticeTests" */;
			buildPhases = (
				F7F7FF5C2B73722100167A40 /* Sources */,
				F7F7FF5D2B73722100167A40 /* Frameworks */,
				F7F7FF5E2B73722100167A40 /* Resources */,
			);
			buildRules = (
			);
			dependencies = (
				F7F7FF622B73722100167A40 /* PBXTargetDependency */,
			);
			name = "MoviesAPI-PracticeTests";
			productName = "MoviesAPI-PracticeTests";
			productReference = F7F7FF602B73722100167A40 /* MoviesAPI-PracticeTests.xctest */;
			productType = "com.apple.product-type.bundle.unit-test";
		};
		F7F7FF692B73722100167A40 /* MoviesAPI-PracticeUITests */ = {
			isa = PBXNativeTarget;
			buildConfigurationList = F7F7FF7A2B73722100167A40 /* Build configuration list for PBXNativeTarget "MoviesAPI-PracticeUITests" */;
			buildPhases = (
				F7F7FF662B73722100167A40 /* Sources */,
				F7F7FF672B73722100167A40 /* Frameworks */,
				F7F7FF682B73722100167A40 /* Resources */,
			);
			buildRules = (
			);
			dependencies = (
				F7F7FF6C2B73722100167A40 /* PBXTargetDependency */,
			);
			name = "MoviesAPI-PracticeUITests";
			productName = "MoviesAPI-PracticeUITests";
			productReference = F7F7FF6A2B73722100167A40 /* MoviesAPI-PracticeUITests.xctest */;
			productType = "com.apple.product-type.bundle.ui-testing";
		};
/* End PBXNativeTarget section */

/* Begin PBXProject section */
		F7F7FF422B73722000167A40 /* Project object */ = {
			isa = PBXProject;
			attributes = {
				BuildIndependentTargetsInParallel = 1;
				LastSwiftUpdateCheck = 1430;
				LastUpgradeCheck = 1430;
				TargetAttributes = {
					F7F7FF492B73722000167A40 = {
						CreatedOnToolsVersion = 14.3.1;
					};
					F7F7FF5F2B73722100167A40 = {
						CreatedOnToolsVersion = 14.3.1;
						TestTargetID = F7F7FF492B73722000167A40;
					};
					F7F7FF692B73722100167A40 = {
						CreatedOnToolsVersion = 14.3.1;
						TestTargetID = F7F7FF492B73722000167A40;
					};
				};
			};
			buildConfigurationList = F7F7FF452B73722000167A40 /* Build configuration list for PBXProject "MoviesAPI-Practice" */;
			compatibilityVersion = "Xcode 14.0";
			developmentRegion = en;
			hasScannedForEncodings = 0;
			knownRegions = (
				en,
				Base,
			);
			mainGroup = F7F7FF412B73722000167A40;
			productRefGroup = F7F7FF4B2B73722000167A40 /* Products */;
			projectDirPath = "";
			projectRoot = "";
			targets = (
				F7F7FF492B73722000167A40 /* MoviesAPI-Practice */,
				F7F7FF5F2B73722100167A40 /* MoviesAPI-PracticeTests */,
				F7F7FF692B73722100167A40 /* MoviesAPI-PracticeUITests */,
			);
		};
/* End PBXProject section */

/* Begin PBXResourcesBuildPhase section */
		F7F7FF482B73722000167A40 /* Resources */ = {
			isa = PBXResourcesBuildPhase;
			buildActionMask = 2147483647;
			files = (
				F7F7FF5A2B73722100167A40 /* LaunchScreen.storyboard in Resources */,
				F7F7FF572B73722100167A40 /* Assets.xcassets in Resources */,
				F7F7FF552B73722000167A40 /* Main.storyboard in Resources */,
			);
			runOnlyForDeploymentPostprocessing = 0;
		};
		F7F7FF5E2B73722100167A40 /* Resources */ = {
			isa = PBXResourcesBuildPhase;
			buildActionMask = 2147483647;
			files = (
			);
			runOnlyForDeploymentPostprocessing = 0;
		};
		F7F7FF682B73722100167A40 /* Resources */ = {
			isa = PBXResourcesBuildPhase;
			buildActionMask = 2147483647;
			files = (
			);
			runOnlyForDeploymentPostprocessing = 0;
		};
/* End PBXResourcesBuildPhase section */

/* Begin PBXSourcesBuildPhase section */
		F7F7FF462B73722000167A40 /* Sources */ = {
			isa = PBXSourcesBuildPhase;
			buildActionMask = 2147483647;
			files = (
				F7395E5E2B7577C3001B1F1E /* MovieModel.swift in Sources */,
				F7F7FF522B73722000167A40 /* ViewController.swift in Sources */,
				F7F7FF4E2B73722000167A40 /* AppDelegate.swift in Sources */,
				F7F7FF502B73722000167A40 /* SceneDelegate.swift in Sources */,
			);
			runOnlyForDeploymentPostprocessing = 0;
		};
		F7F7FF5C2B73722100167A40 /* Sources */ = {
			isa = PBXSourcesBuildPhase;
			buildActionMask = 2147483647;
			files = (
				F7F7FF652B73722100167A40 /* MoviesAPI_PracticeTests.swift in Sources */,
			);
			runOnlyForDeploymentPostprocessing = 0;
		};
		F7F7FF662B73722100167A40 /* Sources */ = {
			isa = PBXSourcesBuildPhase;
			buildActionMask = 2147483647;
			files = (
				F7F7FF6F2B73722100167A40 /* MoviesAPI_PracticeUITests.swift in Sources */,
				F7F7FF712B73722100167A40 /* MoviesAPI_PracticeUITestsLaunchTests.swift in Sources */,
			);
			runOnlyForDeploymentPostprocessing = 0;
		};
/* End PBXSourcesBuildPhase section */

/* Begin PBXTargetDependency section */
		F7F7FF622B73722100167A40 /* PBXTargetDependency */ = {
			isa = PBXTargetDependency;
			target = F7F7FF492B73722000167A40 /* MoviesAPI-Practice */;
			targetProxy = F7F7FF612B73722100167A40 /* PBXContainerItemProxy */;
		};
		F7F7FF6C2B73722100167A40 /* PBXTargetDependency */ = {
			isa = PBXTargetDependency;
			target = F7F7FF492B73722000167A40 /* MoviesAPI-Practice */;
			targetProxy = F7F7FF6B2B73722100167A40 /* PBXContainerItemProxy */;
		};
/* End PBXTargetDependency section */

/* Begin PBXVariantGroup section */
		F7F7FF532B73722000167A40 /* Main.storyboard */ = {
			isa = PBXVariantGroup;
			children = (
				F7F7FF542B73722000167A40 /* Base */,
			);
			name = Main.storyboard;
			sourceTree = "<group>";
		};
		F7F7FF582B73722100167A40 /* LaunchScreen.storyboard */ = {
			isa = PBXVariantGroup;
			children = (
				F7F7FF592B73722100167A40 /* Base */,
			);
			name = LaunchScreen.storyboard;
			sourceTree = "<group>";
		};
/* End PBXVariantGroup section */

/* Begin XCBuildConfiguration section */
		F7F7FF722B73722100167A40 /* Debug */ = {
			isa = XCBuildConfiguration;
			buildSettings = {
				ALWAYS_SEARCH_USER_PATHS = NO;
				CLANG_ANALYZER_NONNULL = YES;
				CLANG_ANALYZER_NUMBER_OBJECT_CONVERSION = YES_AGGRESSIVE;
				CLANG_CXX_LANGUAGE_STANDARD = "gnu++20";
				CLANG_ENABLE_MODULES = YES;
				CLANG_ENABLE_OBJC_ARC = YES;
				CLANG_ENABLE_OBJC_WEAK = YES;
				CLANG_WARN_BLOCK_CAPTURE_AUTORELEASING = YES;
				CLANG_WARN_BOOL_CONVERSION = YES;
				CLANG_WARN_COMMA = YES;
				CLANG_WARN_CONSTANT_CONVERSION = YES;
				CLANG_WARN_DEPRECATED_OBJC_IMPLEMENTATIONS = YES;
				CLANG_WARN_DIRECT_OBJC_ISA_USAGE = YES_ERROR;
				CLANG_WARN_DOCUMENTATION_COMMENTS = YES;
				CLANG_WARN_EMPTY_BODY = YES;
				CLANG_WARN_ENUM_CONVERSION = YES;
				CLANG_WARN_INFINITE_RECURSION = YES;
				CLANG_WARN_INT_CONVERSION = YES;
				CLANG_WARN_NON_LITERAL_NULL_CONVERSION = YES;
				CLANG_WARN_OBJC_IMPLICIT_RETAIN_SELF = YES;
				CLANG_WARN_OBJC_LITERAL_CONVERSION = YES;
				CLANG_WARN_OBJC_ROOT_CLASS = YES_ERROR;
				CLANG_WARN_QUOTED_INCLUDE_IN_FRAMEWORK_HEADER = YES;
				CLANG_WARN_RANGE_LOOP_ANALYSIS = YES;
				CLANG_WARN_STRICT_PROTOTYPES = YES;
				CLANG_WARN_SUSPICIOUS_MOVE = YES;
				CLANG_WARN_UNGUARDED_AVAILABILITY = YES_AGGRESSIVE;
				CLANG_WARN_UNREACHABLE_CODE = YES;
				CLANG_WARN__DUPLICATE_METHOD_MATCH = YES;
				COPY_PHASE_STRIP = NO;
				DEBUG_INFORMATION_FORMAT = dwarf;
				ENABLE_STRICT_OBJC_MSGSEND = YES;
				ENABLE_TESTABILITY = YES;
				GCC_C_LANGUAGE_STANDARD = gnu11;
				GCC_DYNAMIC_NO_PIC = NO;
				GCC_NO_COMMON_BLOCKS = YES;
				GCC_OPTIMIZATION_LEVEL = 0;
				GCC_PREPROCESSOR_DEFINITIONS = (
					"DEBUG=1",
					"$(inherited)",
				);
				GCC_WARN_64_TO_32_BIT_CONVERSION = YES;
				GCC_WARN_ABOUT_RETURN_TYPE = YES_ERROR;
				GCC_WARN_UNDECLARED_SELECTOR = YES;
				GCC_WARN_UNINITIALIZED_AUTOS = YES_AGGRESSIVE;
				GCC_WARN_UNUSED_FUNCTION = YES;
				GCC_WARN_UNUSED_VARIABLE = YES;
				IPHONEOS_DEPLOYMENT_TARGET = 16.4;
				MTL_ENABLE_DEBUG_INFO = INCLUDE_SOURCE;
				MTL_FAST_MATH = YES;
				ONLY_ACTIVE_ARCH = YES;
				SDKROOT = iphoneos;
				SWIFT_ACTIVE_COMPILATION_CONDITIONS = DEBUG;
				SWIFT_OPTIMIZATION_LEVEL = "-Onone";
			};
			name = Debug;
		};
		F7F7FF732B73722100167A40 /* Release */ = {
			isa = XCBuildConfiguration;
			buildSettings = {
				ALWAYS_SEARCH_USER_PATHS = NO;
				CLANG_ANALYZER_NONNULL = YES;
				CLANG_ANALYZER_NUMBER_OBJECT_CONVERSION = YES_AGGRESSIVE;
				CLANG_CXX_LANGUAGE_STANDARD = "gnu++20";
				CLANG_ENABLE_MODULES = YES;
				CLANG_ENABLE_OBJC_ARC = YES;
				CLANG_ENABLE_OBJC_WEAK = YES;
				CLANG_WARN_BLOCK_CAPTURE_AUTORELEASING = YES;
				CLANG_WARN_BOOL_CONVERSION = YES;
				CLANG_WARN_COMMA = YES;
				CLANG_WARN_CONSTANT_CONVERSION = YES;
				CLANG_WARN_DEPRECATED_OBJC_IMPLEMENTATIONS = YES;
				CLANG_WARN_DIRECT_OBJC_ISA_USAGE = YES_ERROR;
				CLANG_WARN_DOCUMENTATION_COMMENTS = YES;
				CLANG_WARN_EMPTY_BODY = YES;
				CLANG_WARN_ENUM_CONVERSION = YES;
				CLANG_WARN_INFINITE_RECURSION = YES;
				CLANG_WARN_INT_CONVERSION = YES;
				CLANG_WARN_NON_LITERAL_NULL_CONVERSION = YES;
				CLANG_WARN_OBJC_IMPLICIT_RETAIN_SELF = YES;
				CLANG_WARN_OBJC_LITERAL_CONVERSION = YES;
				CLANG_WARN_OBJC_ROOT_CLASS = YES_ERROR;
				CLANG_WARN_QUOTED_INCLUDE_IN_FRAMEWORK_HEADER = YES;
				CLANG_WARN_RANGE_LOOP_ANALYSIS = YES;
				CLANG_WARN_STRICT_PROTOTYPES = YES;
				CLANG_WARN_SUSPICIOUS_MOVE = YES;
				CLANG_WARN_UNGUARDED_AVAILABILITY = YES_AGGRESSIVE;
				CLANG_WARN_UNREACHABLE_CODE = YES;
				CLANG_WARN__DUPLICATE_METHOD_MATCH = YES;
				COPY_PHASE_STRIP = NO;
				DEBUG_INFORMATION_FORMAT = "dwarf-with-dsym";
				ENABLE_NS_ASSERTIONS = NO;
				ENABLE_STRICT_OBJC_MSGSEND = YES;
				GCC_C_LANGUAGE_STANDARD = gnu11;
				GCC_NO_COMMON_BLOCKS = YES;
				GCC_WARN_64_TO_32_BIT_CONVERSION = YES;
				GCC_WARN_ABOUT_RETURN_TYPE = YES_ERROR;
				GCC_WARN_UNDECLARED_SELECTOR = YES;
				GCC_WARN_UNINITIALIZED_AUTOS = YES_AGGRESSIVE;
				GCC_WARN_UNUSED_FUNCTION = YES;
				GCC_WARN_UNUSED_VARIABLE = YES;
				IPHONEOS_DEPLOYMENT_TARGET = 16.4;
				MTL_ENABLE_DEBUG_INFO = NO;
				MTL_FAST_MATH = YES;
				SDKROOT = iphoneos;
				SWIFT_COMPILATION_MODE = wholemodule;
				SWIFT_OPTIMIZATION_LEVEL = "-O";
				VALIDATE_PRODUCT = YES;
			};
			name = Release;
		};
		F7F7FF752B73722100167A40 /* Debug */ = {
			isa = XCBuildConfiguration;
			buildSettings = {
				ASSETCATALOG_COMPILER_APPICON_NAME = AppIcon;
				ASSETCATALOG_COMPILER_GLOBAL_ACCENT_COLOR_NAME = AccentColor;
				CODE_SIGN_STYLE = Automatic;
				CURRENT_PROJECT_VERSION = 1;
				DEVELOPMENT_TEAM = HA2JWB72PD;
				GENERATE_INFOPLIST_FILE = YES;
				INFOPLIST_FILE = "MoviesAPI-Practice/Info.plist";
				INFOPLIST_KEY_UIApplicationSupportsIndirectInputEvents = YES;
				INFOPLIST_KEY_UILaunchStoryboardName = LaunchScreen;
				INFOPLIST_KEY_UIMainStoryboardFile = Main;
				INFOPLIST_KEY_UISupportedInterfaceOrientations_iPad = "UIInterfaceOrientationPortrait UIInterfaceOrientationPortraitUpsideDown UIInterfaceOrientationLandscapeLeft UIInterfaceOrientationLandscapeRight";
				INFOPLIST_KEY_UISupportedInterfaceOrientations_iPhone = "UIInterfaceOrientationPortrait UIInterfaceOrientationLandscapeLeft UIInterfaceOrientationLandscapeRight";
				LD_RUNPATH_SEARCH_PATHS = (
					"$(inherited)",
					"@executable_path/Frameworks",
				);
				MARKETING_VERSION = 1.0;
				PRODUCT_BUNDLE_IDENTIFIER = "me.omid.heydarzadeh.MoviesAPI-Practice";
				PRODUCT_NAME = "$(TARGET_NAME)";
				SWIFT_EMIT_LOC_STRINGS = YES;
				SWIFT_VERSION = 5.0;
				TARGETED_DEVICE_FAMILY = "1,2";
			};
			name = Debug;
		};
		F7F7FF762B73722100167A40 /* Release */ = {
			isa = XCBuildConfiguration;
			buildSettings = {
				ASSETCATALOG_COMPILER_APPICON_NAME = AppIcon;
				ASSETCATALOG_COMPILER_GLOBAL_ACCENT_COLOR_NAME = AccentColor;
				CODE_SIGN_STYLE = Automatic;
				CURRENT_PROJECT_VERSION = 1;
				DEVELOPMENT_TEAM = HA2JWB72PD;
				GENERATE_INFOPLIST_FILE = YES;
				INFOPLIST_FILE = "MoviesAPI-Practice/Info.plist";
				INFOPLIST_KEY_UIApplicationSupportsIndirectInputEvents = YES;
				INFOPLIST_KEY_UILaunchStoryboardName = LaunchScreen;
				INFOPLIST_KEY_UIMainStoryboardFile = Main;
				INFOPLIST_KEY_UISupportedInterfaceOrientations_iPad = "UIInterfaceOrientationPortrait UIInterfaceOrientationPortraitUpsideDown UIInterfaceOrientationLandscapeLeft UIInterfaceOrientationLandscapeRight";
				INFOPLIST_KEY_UISupportedInterfaceOrientations_iPhone = "UIInterfaceOrientationPortrait UIInterfaceOrientationLandscapeLeft UIInterfaceOrientationLandscapeRight";
				LD_RUNPATH_SEARCH_PATHS = (
					"$(inherited)",
					"@executable_path/Frameworks",
				);
				MARKETING_VERSION = 1.0;
				PRODUCT_BUNDLE_IDENTIFIER = "me.omid.heydarzadeh.MoviesAPI-Practice";
				PRODUCT_NAME = "$(TARGET_NAME)";
				SWIFT_EMIT_LOC_STRINGS = YES;
				SWIFT_VERSION = 5.0;
				TARGETED_DEVICE_FAMILY = "1,2";
			};
			name = Release;
		};
		F7F7FF782B73722100167A40 /* Debug */ = {
			isa = XCBuildConfiguration;
			buildSettings = {
				ALWAYS_EMBED_SWIFT_STANDARD_LIBRARIES = YES;
				BUNDLE_LOADER = "$(TEST_HOST)";
				CODE_SIGN_STYLE = Automatic;
				CURRENT_PROJECT_VERSION = 1;
				DEVELOPMENT_TEAM = HA2JWB72PD;
				GENERATE_INFOPLIST_FILE = YES;
				IPHONEOS_DEPLOYMENT_TARGET = 16.4;
				MARKETING_VERSION = 1.0;
				PRODUCT_BUNDLE_IDENTIFIER = "me.omid.heydarzadeh.MoviesAPI-PracticeTests";
				PRODUCT_NAME = "$(TARGET_NAME)";
				SWIFT_EMIT_LOC_STRINGS = NO;
				SWIFT_VERSION = 5.0;
				TARGETED_DEVICE_FAMILY = "1,2";
				TEST_HOST = "$(BUILT_PRODUCTS_DIR)/MoviesAPI-Practice.app/$(BUNDLE_EXECUTABLE_FOLDER_PATH)/MoviesAPI-Practice";
			};
			name = Debug;
		};
		F7F7FF792B73722100167A40 /* Release */ = {
			isa = XCBuildConfiguration;
			buildSettings = {
				ALWAYS_EMBED_SWIFT_STANDARD_LIBRARIES = YES;
				BUNDLE_LOADER = "$(TEST_HOST)";
				CODE_SIGN_STYLE = Automatic;
				CURRENT_PROJECT_VERSION = 1;
				DEVELOPMENT_TEAM = HA2JWB72PD;
				GENERATE_INFOPLIST_FILE = YES;
				IPHONEOS_DEPLOYMENT_TARGET = 16.4;
				MARKETING_VERSION = 1.0;
				PRODUCT_BUNDLE_IDENTIFIER = "me.omid.heydarzadeh.MoviesAPI-PracticeTests";
				PRODUCT_NAME = "$(TARGET_NAME)";
				SWIFT_EMIT_LOC_STRINGS = NO;
				SWIFT_VERSION = 5.0;
				TARGETED_DEVICE_FAMILY = "1,2";
				TEST_HOST = "$(BUILT_PRODUCTS_DIR)/MoviesAPI-Practice.app/$(BUNDLE_EXECUTABLE_FOLDER_PATH)/MoviesAPI-Practice";
			};
			name = Release;
		};
		F7F7FF7B2B73722100167A40 /* Debug */ = {
			isa = XCBuildConfiguration;
			buildSettings = {
				ALWAYS_EMBED_SWIFT_STANDARD_LIBRARIES = YES;
				CODE_SIGN_STYLE = Automatic;
				CURRENT_PROJECT_VERSION = 1;
				DEVELOPMENT_TEAM = HA2JWB72PD;
				GENERATE_INFOPLIST_FILE = YES;
				MARKETING_VERSION = 1.0;
				PRODUCT_BUNDLE_IDENTIFIER = "me.omid.heydarzadeh.MoviesAPI-PracticeUITests";
				PRODUCT_NAME = "$(TARGET_NAME)";
				SWIFT_EMIT_LOC_STRINGS = NO;
				SWIFT_VERSION = 5.0;
				TARGETED_DEVICE_FAMILY = "1,2";
				TEST_TARGET_NAME = "MoviesAPI-Practice";
			};
			name = Debug;
		};
		F7F7FF7C2B73722100167A40 /* Release */ = {
			isa = XCBuildConfiguration;
			buildSettings = {
				ALWAYS_EMBED_SWIFT_STANDARD_LIBRARIES = YES;
				CODE_SIGN_STYLE = Automatic;
				CURRENT_PROJECT_VERSION = 1;
				DEVELOPMENT_TEAM = HA2JWB72PD;
				GENERATE_INFOPLIST_FILE = YES;
				MARKETING_VERSION = 1.0;
				PRODUCT_BUNDLE_IDENTIFIER = "me.omid.heydarzadeh.MoviesAPI-PracticeUITests";
				PRODUCT_NAME = "$(TARGET_NAME)";
				SWIFT_EMIT_LOC_STRINGS = NO;
				SWIFT_VERSION = 5.0;
				TARGETED_DEVICE_FAMILY = "1,2";
				TEST_TARGET_NAME = "MoviesAPI-Practice";
			};
			name = Release;
		};
/* End XCBuildConfiguration section */

/* Begin XCConfigurationList section */
		F7F7FF452B73722000167A40 /* Build configuration list for PBXProject "MoviesAPI-Practice" */ = {
			isa = XCConfigurationList;
			buildConfigurations = (
				F7F7FF722B73722100167A40 /* Debug */,
				F7F7FF732B73722100167A40 /* Release */,
			);
			defaultConfigurationIsVisible = 0;
			defaultConfigurationName = Release;
		};
		F7F7FF742B73722100167A40 /* Build configuration list for PBXNativeTarget "MoviesAPI-Practice" */ = {
			isa = XCConfigurationList;
			buildConfigurations = (
				F7F7FF752B73722100167A40 /* Debug */,
				F7F7FF762B73722100167A40 /* Release */,
			);
			defaultConfigurationIsVisible = 0;
			defaultConfigurationName = Release;
		};
		F7F7FF772B73722100167A40 /* Build configuration list for PBXNativeTarget "MoviesAPI-PracticeTests" */ = {
			isa = XCConfigurationList;
			buildConfigurations = (
				F7F7FF782B73722100167A40 /* Debug */,
				F7F7FF792B73722100167A40 /* Release */,
			);
			defaultConfigurationIsVisible = 0;
			defaultConfigurationName = Release;
		};
		F7F7FF7A2B73722100167A40 /* Build configuration list for PBXNativeTarget "MoviesAPI-PracticeUITests" */ = {
			isa = XCConfigurationList;
			buildConfigurations = (
				F7F7FF7B2B73722100167A40 /* Debug */,
				F7F7FF7C2B73722100167A40 /* Release */,
			);
			defaultConfigurationIsVisible = 0;
			defaultConfigurationName = Release;
		};
/* End XCConfigurationList section */
	};
	rootObject = F7F7FF422B73722000167A40 /* Project object */;
}
